
Microsoft Visual Studio Solution File, Format Version 11.00
# Visual Studio 2010
Project("{FAE04EC0-301F-11D3-BF4B-00C04F79EFBC}") = "Swd.Core", "SWD.Core\Swd.Core.csproj", "{C05CBE09-D707-4E42-886B-2778511D2BBF}"
EndProject
Project("{FAE04EC0-301F-11D3-BF4B-00C04F79EFBC}") = "Demo.TestProject", "Demo.TestProject\Demo.TestProject.csproj", "{6F707E92-EADB-4061-B93E-E4CF5824B6C8}"
EndProject
Project("{2150E333-8FDC-42A3-9474-1A3956D46DE8}") = "Configuration", "Configuration", "{731CC8D7-D57E-4C48-A28B-898A45220FA2}"
	ProjectSection(SolutionItems) = preProject
		App.config = App.config
		Config.config = Config.config
	EndProjectSection
EndProject
Project("{FAE04EC0-301F-11D3-BF4B-00C04F79EFBC}") = "Demo.TestModel", "Demo.TestModel\Demo.TestModel.csproj", "{4FBA00DA-A9FB-4076-A8C7-8BD0F466289D}"
EndProject
Project("{2150E333-8FDC-42A3-9474-1A3956D46DE8}") = "DemoProject", "DemoProject", "{E65F55D5-0279-4F6E-83EB-23921296D266}"
EndProject
Project("{2150E333-8FDC-42A3-9474-1A3956D46DE8}") = "Framework", "Framework", "{F1CE735C-DED6-4E9C-8AE7-E16C7C6D7A66}"
EndProject
Project("{FAE04EC0-301F-11D3-BF4B-00C04F79EFBC}") = "Swd.Core.Demo", "Swd.Core.Demo\Swd.Core.Demo.csproj", "{9080F61F-5458-4926-95BD-E18D103C6455}"
EndProject
Global
	GlobalSection(SolutionConfigurationPlatforms) = preSolution
		Debug|Any CPU = Debug|Any CPU
		Release|Any CPU = Release|Any CPU
	EndGlobalSection
	GlobalSection(ProjectConfigurationPlatforms) = postSolution
		{C05CBE09-D707-4E42-886B-2778511D2BBF}.Debug|Any CPU.ActiveCfg = Debug|Any CPU
		{C05CBE09-D707-4E42-886B-2778511D2BBF}.Debug|Any CPU.Build.0 = Debug|Any CPU
		{C05CBE09-D707-4E42-886B-2778511D2BBF}.Release|Any CPU.ActiveCfg = Release|Any CPU
		{C05CBE09-D707-4E42-886B-2778511D2BBF}.Release|Any CPU.Build.0 = Release|Any CPU
		{6F707E92-EADB-4061-B93E-E4CF5824B6C8}.Debug|Any CPU.ActiveCfg = Debug|Any CPU
		{6F707E92-EADB-4061-B93E-E4CF5824B6C8}.Debug|Any CPU.Build.0 = Debug|Any CPU
		{6F707E92-EADB-4061-B93E-E4CF5824B6C8}.Release|Any CPU.ActiveCfg = Release|Any CPU
		{6F707E92-EADB-4061-B93E-E4CF5824B6C8}.Release|Any CPU.Build.0 = Release|Any CPU
		{4FBA00DA-A9FB-4076-A8C7-8BD0F466289D}.Debug|Any CPU.ActiveCfg = Debug|Any CPU
		{4FBA00DA-A9FB-4076-A8C7-8BD0F466289D}.Debug|Any CPU.Build.0 = Debug|Any CPU
		{4FBA00DA-A9FB-4076-A8C7-8BD0F466289D}.Release|Any CPU.ActiveCfg = Release|Any CPU
		{4FBA00DA-A9FB-4076-A8C7-8BD0F466289D}.Release|Any CPU.Build.0 = Release|Any CPU
		{9080F61F-5458-4926-95BD-E18D103C6455}.Debug|Any CPU.ActiveCfg = Debug|Any CPU
		{9080F61F-5458-4926-95BD-E18D103C6455}.Debug|Any CPU.Build.0 = Debug|Any CPU
		{9080F61F-5458-4926-95BD-E18D103C6455}.Release|Any CPU.ActiveCfg = Release|Any CPU
		{9080F61F-5458-4926-95BD-E18D103C6455}.Release|Any CPU.Build.0 = Release|Any CPU
	EndGlobalSection
	GlobalSection(SolutionProperties) = preSolution
		HideSolutionNode = FALSE
	EndGlobalSection
	GlobalSection(NestedProjects) = preSolution
		{4FBA00DA-A9FB-4076-A8C7-8BD0F466289D} = {E65F55D5-0279-4F6E-83EB-23921296D266}
		{6F707E92-EADB-4061-B93E-E4CF5824B6C8} = {E65F55D5-0279-4F6E-83EB-23921296D266}
		{9080F61F-5458-4926-95BD-E18D103C6455} = {E65F55D5-0279-4F6E-83EB-23921296D266}
		{C05CBE09-D707-4E42-886B-2778511D2BBF} = {F1CE735C-DED6-4E9C-8AE7-E16C7C6D7A66}
	EndGlobalSection
EndGlobal
