
Microsoft Visual Studio Solution File, Format Version 11.00
# Visual Studio 2010
Project("{FAE04EC0-301F-11D3-BF4B-00C04F79EFBC}") = "SWD.Core", "SWD.Core\SWD.Core.csproj", "{C05CBE09-D707-4E42-886B-2778511D2BBF}"
EndProject
Project("{FAE04EC0-301F-11D3-BF4B-00C04F79EFBC}") = "Demo.TestProject", "Demo.TestProject\Demo.TestProject.csproj", "{6F707E92-EADB-4061-B93E-E4CF5824B6C8}"
EndProject
Project("{2150E333-8FDC-42A3-9474-1A3956D46DE8}") = "Configuration", "Configuration", "{731CC8D7-D57E-4C48-A28B-898A45220FA2}"
	ProjectSection(SolutionItems) = preProject
		App.config = App.config
	EndProjectSection
EndProject
Global
	GlobalSection(SolutionConfigurationPlatforms) = preSolution
		Debug|Any CPU = Debug|Any CPU
		Release|Any CPU = Release|Any CPU
	EndGlobalSection
	GlobalSection(ProjectConfigurationPlatforms) = postSolution
		{C05CBE09-D707-4E42-886B-2778511D2BBF}.Debug|Any CPU.ActiveCfg = Debug|Any CPU
		{C05CBE09-D707-4E42-886B-2778511D2BBF}.Debug|Any CPU.Build.0 = Debug|Any CPU
		{C05CBE09-D707-4E42-886B-2778511D2BBF}.Release|Any CPU.ActiveCfg = Release|Any CPU
		{C05CBE09-D707-4E42-886B-2778511D2BBF}.Release|Any CPU.Build.0 = Release|Any CPU
		{6F707E92-EADB-4061-B93E-E4CF5824B6C8}.Debug|Any CPU.ActiveCfg = Debug|Any CPU
		{6F707E92-EADB-4061-B93E-E4CF5824B6C8}.Debug|Any CPU.Build.0 = Debug|Any CPU
		{6F707E92-EADB-4061-B93E-E4CF5824B6C8}.Release|Any CPU.ActiveCfg = Release|Any CPU
		{6F707E92-EADB-4061-B93E-E4CF5824B6C8}.Release|Any CPU.Build.0 = Release|Any CPU
	EndGlobalSection
	GlobalSection(SolutionProperties) = preSolution
		HideSolutionNode = FALSE
	EndGlobalSection
EndGlobal
