
Microsoft Visual Studio Solution File, Format Version 12.00
# Visual Studio Express 2013 for Windows Desktop
VisualStudioVersion = 12.0.21005.1
MinimumVisualStudioVersion = 10.0.40219.1
Project("{FAE04EC0-301F-11D3-BF4B-00C04F79EFBC}") = "Swd.Core", "SWD.Core\Swd.Core.csproj", "{C05CBE09-D707-4E42-886B-2778511D2BBF}"
EndProject
Project("{2150E333-8FDC-42A3-9474-1A3956D46DE8}") = "Configuration", "Configuration", "{731CC8D7-D57E-4C48-A28B-898A45220FA2}"
	ProjectSection(SolutionItems) = preProject
		App.config = App.config
		Config.config = Config.config
	EndProjectSection
EndProject
Project("{FAE04EC0-301F-11D3-BF4B-00C04F79EFBC}") = "Demo.TestModel", "Demo.TestModel\Demo.TestModel.csproj", "{4FBA00DA-A9FB-4076-A8C7-8BD0F466289D}"
EndProject
Project("{2150E333-8FDC-42A3-9474-1A3956D46DE8}") = "DemoProject (MsTest)", "DemoProject (MsTest)", "{E65F55D5-0279-4F6E-83EB-23921296D266}"
EndProject
Project("{2150E333-8FDC-42A3-9474-1A3956D46DE8}") = "Framework", "Framework", "{F1CE735C-DED6-4E9C-8AE7-E16C7C6D7A66}"
EndProject
Project("{FAE04EC0-301F-11D3-BF4B-00C04F79EFBC}") = "Demo.Tutorial", "Demo.Tutorial\Demo.Tutorial.csproj", "{01A502D4-26AC-4A41-8EAC-5C83BC38A299}"
EndProject
Project("{FAE04EC0-301F-11D3-BF4B-00C04F79EFBC}") = "Demo.TestProject", "Demo.TestProject\Demo.TestProject.csproj", "{BC12253A-D1DF-482C-A6C1-D42DD5EAF0E4}"
EndProject
Global
	GlobalSection(SolutionConfigurationPlatforms) = preSolution
		Debug|Any CPU = Debug|Any CPU
		Release|Any CPU = Release|Any CPU
	EndGlobalSection
	GlobalSection(ProjectConfigurationPlatforms) = postSolution
		{C05CBE09-D707-4E42-886B-2778511D2BBF}.Debug|Any CPU.ActiveCfg = Debug|Any CPU
		{C05CBE09-D707-4E42-886B-2778511D2BBF}.Debug|Any CPU.Build.0 = Debug|Any CPU
		{C05CBE09-D707-4E42-886B-2778511D2BBF}.Release|Any CPU.ActiveCfg = Release|Any CPU
		{C05CBE09-D707-4E42-886B-2778511D2BBF}.Release|Any CPU.Build.0 = Release|Any CPU
		{4FBA00DA-A9FB-4076-A8C7-8BD0F466289D}.Debug|Any CPU.ActiveCfg = Debug|Any CPU
		{4FBA00DA-A9FB-4076-A8C7-8BD0F466289D}.Debug|Any CPU.Build.0 = Debug|Any CPU
		{4FBA00DA-A9FB-4076-A8C7-8BD0F466289D}.Release|Any CPU.ActiveCfg = Release|Any CPU
		{4FBA00DA-A9FB-4076-A8C7-8BD0F466289D}.Release|Any CPU.Build.0 = Release|Any CPU
		{01A502D4-26AC-4A41-8EAC-5C83BC38A299}.Debug|Any CPU.ActiveCfg = Debug|Any CPU
		{01A502D4-26AC-4A41-8EAC-5C83BC38A299}.Debug|Any CPU.Build.0 = Debug|Any CPU
		{01A502D4-26AC-4A41-8EAC-5C83BC38A299}.Release|Any CPU.ActiveCfg = Release|Any CPU
		{01A502D4-26AC-4A41-8EAC-5C83BC38A299}.Release|Any CPU.Build.0 = Release|Any CPU
		{BC12253A-D1DF-482C-A6C1-D42DD5EAF0E4}.Debug|Any CPU.ActiveCfg = Debug|Any CPU
		{BC12253A-D1DF-482C-A6C1-D42DD5EAF0E4}.Debug|Any CPU.Build.0 = Debug|Any CPU
		{BC12253A-D1DF-482C-A6C1-D42DD5EAF0E4}.Release|Any CPU.ActiveCfg = Release|Any CPU
		{BC12253A-D1DF-482C-A6C1-D42DD5EAF0E4}.Release|Any CPU.Build.0 = Release|Any CPU
	EndGlobalSection
	GlobalSection(SolutionProperties) = preSolution
		HideSolutionNode = FALSE
	EndGlobalSection
	GlobalSection(NestedProjects) = preSolution
		{C05CBE09-D707-4E42-886B-2778511D2BBF} = {F1CE735C-DED6-4E9C-8AE7-E16C7C6D7A66}
		{4FBA00DA-A9FB-4076-A8C7-8BD0F466289D} = {E65F55D5-0279-4F6E-83EB-23921296D266}
		{01A502D4-26AC-4A41-8EAC-5C83BC38A299} = {E65F55D5-0279-4F6E-83EB-23921296D266}
		{BC12253A-D1DF-482C-A6C1-D42DD5EAF0E4} = {E65F55D5-0279-4F6E-83EB-23921296D266}
	EndGlobalSection
EndGlobal
